
Microsoft Visual Studio Solution File, Format Version 12.00
# Visual Studio 15
VisualStudioVersion = 15.0.27130.2003
MinimumVisualStudioVersion = 10.0.40219.1
Project("{FAE04EC0-301F-11D3-BF4B-00C04F79EFBC}") = "call", "call\call.csproj", "{B78B0CC5-380D-4B1C-8935-45FD72CA29DE}"
EndProject
Global
	GlobalSection(SolutionConfigurationPlatforms) = preSolution
		Debug|Any CPU = Debug|Any CPU
		Release|Any CPU = Release|Any CPU
	EndGlobalSection
	GlobalSection(ProjectConfigurationPlatforms) = postSolution
		{B78B0CC5-380D-4B1C-8935-45FD72CA29DE}.Debug|Any CPU.ActiveCfg = Debug|Any CPU
		{B78B0CC5-380D-4B1C-8935-45FD72CA29DE}.Debug|Any CPU.Build.0 = Debug|Any CPU
		{B78B0CC5-380D-4B1C-8935-45FD72CA29DE}.Release|Any CPU.ActiveCfg = Release|Any CPU
		{B78B0CC5-380D-4B1C-8935-45FD72CA29DE}.Release|Any CPU.Build.0 = Release|Any CPU
	EndGlobalSection
	GlobalSection(SolutionProperties) = preSolution
		HideSolutionNode = FALSE
	EndGlobalSection
	GlobalSection(ExtensibilityGlobals) = postSolution
		SolutionGuid = {7AFA9470-A8C9-48EF-85D0-A42A009401B7}
	EndGlobalSection
EndGlobal
