{
  "requires": true,
  "lockfileVersion": 1,
  "dependencies": {
    "async": {
      "version": "2.6.1",
      "resolved": "https://registry.npmjs.org/async/-/async-2.6.1.tgz",
      "integrity": "sha512-fNEiL2+AZt6AlAw/29Cr0UDe4sRAHCpEHh54WMz+Bb7QfNcFw4h3loofyJpLeQs4Yx7yuqu/2dLgM5hKOs6HlQ==",
      "requires": {
        "lodash": "^4.17.10"
      }
    },
    "bpmn-engine": {
      "version": "4.2.0",
      "resolved": "https://registry.npmjs.org/bpmn-engine/-/bpmn-engine-4.2.0.tgz",
      "integrity": "sha1-mU+JiSMvVHRJFUtCh9kXi7w/+4w=",
      "requires": {
        "async": "^2.4.0",
        "bpmn-moddle": "^0.14.0",
        "debug": "^2.6.6",
        "iso8601-duration": "^1.0.6"
      }
    },
    "bpmn-moddle": {
      "version": "0.14.1",
      "resolved": "https://registry.npmjs.org/bpmn-moddle/-/bpmn-moddle-0.14.1.tgz",
      "integrity": "sha512-TowGXEv2oXX4f620cdtnqqDdxuBURhZeBdU5GO1l5/joG4Joe3nvXOy5cST2QlQ3RS4cQU5SHnmHfyevyK2ZZg==",
      "requires": {
        "lodash": "^3.0.0",
        "moddle": "^1.0.0",
        "moddle-xml": "^1.1.1"
      },
      "dependencies": {
        "lodash": {
          "version": "3.10.1",
          "resolved": "http://registry.npmjs.org/lodash/-/lodash-3.10.1.tgz",
          "integrity": "sha1-W/Rejkm6QYnhfUgnid/RW9FAt7Y="
        }
      }
    },
    "camunda-bpmn-moddle": {
      "version": "3.1.1",
      "resolved": "https://registry.npmjs.org/camunda-bpmn-moddle/-/camunda-bpmn-moddle-3.1.1.tgz",
      "integrity": "sha512-FECHWOXiyE1pvcebnk9E3I80EJTuSo97FG/BOyWQ85RRh8bPUHo+h40nYvdKL8ZUBz2A2G95Up/xQxJM7p4jaA==",
      "requires": {
        "min-dash": "^3.0.0"
      }
    },
    "debug": {
      "version": "2.6.9",
      "resolved": "https://registry.npmjs.org/debug/-/debug-2.6.9.tgz",
      "integrity": "sha512-bC7ElrdJaJnPbAP+1EotYvqZsb3ecl5wi6Bfi6BJTUcNowp6cvspg0jXznRTKDjm/E7AdgFBVeAPVMNcKGsHMA==",
      "requires": {
        "ms": "2.0.0"
      }
    },
    "iso8601-duration": {
      "version": "1.1.6",
      "resolved": "https://registry.npmjs.org/iso8601-duration/-/iso8601-duration-1.1.6.tgz",
      "integrity": "sha512-wyVl4tmjZyaoh9GeohL3Dh4DKwr8CgiOL8eFRyRJyk8nopHOhZ0Ql76EwOUvx3OGQeI08xGj8+4AJgyXYs3iJw=="
    },
    "lodash": {
      "version": "4.17.11",
      "resolved": "https://registry.npmjs.org/lodash/-/lodash-4.17.11.tgz",
      "integrity": "sha512-cQKh8igo5QUhZ7lg38DYWAxMvjSAKG0A8wGSVimP07SIUEK2UO+arSRKbRZWtelMtN5V0Hkwh5ryOto/SshYIg=="
    },
    "min-dash": {
      "version": "3.2.0",
      "resolved": "https://registry.npmjs.org/min-dash/-/min-dash-3.2.0.tgz",
      "integrity": "sha512-iCo8rqY0vlcXF1Dr5grLeRnibcVC0UyDF0Tx0h56sZvvAjeuBKw72gI0Df0KzCOUSxm1hYMVvFWG/wxrjuKJmQ=="
    },
    "moddle": {
      "version": "1.2.1",
      "resolved": "https://registry.npmjs.org/moddle/-/moddle-1.2.1.tgz",
      "integrity": "sha512-YQtFv9MaZSto0LwVe/j0zSZuspvBY1XQtiRAgp9C9u5p9N3eJiSerqD7TprGs3ZoYIhpZpHvLazSm4PqqesJKA==",
      "requires": {
        "lodash": "^3.0.0"
      },
      "dependencies": {
        "lodash": {
          "version": "3.10.1",
          "resolved": "http://registry.npmjs.org/lodash/-/lodash-3.10.1.tgz",
          "integrity": "sha1-W/Rejkm6QYnhfUgnid/RW9FAt7Y="
        }
      }
    },
    "moddle-xml": {
      "version": "1.1.1",
      "resolved": "https://registry.npmjs.org/moddle-xml/-/moddle-xml-1.1.1.tgz",
      "integrity": "sha512-a9GkVOVVhtE8F/49Mh8mnnex3gFIn685S3DIeUPvLkhmNlrzGIQ+cwufDkFdxjwJY66xiY3bV8SCZUgYeGyliQ==",
      "requires": {
        "lodash": "^3.0.0",
        "moddle": "^1.0.0",
        "sax": "~0.6.0",
        "tiny-stack": "^0.1.0"
      },
      "dependencies": {
        "lodash": {
          "version": "3.10.1",
          "resolved": "http://registry.npmjs.org/lodash/-/lodash-3.10.1.tgz",
          "integrity": "sha1-W/Rejkm6QYnhfUgnid/RW9FAt7Y="
        }
      }
    },
    "ms": {
      "version": "2.0.0",
      "resolved": "https://registry.npmjs.org/ms/-/ms-2.0.0.tgz",
      "integrity": "sha1-VgiurfwAvmwpAd9fmGF4jeDVl8g="
    },
    "sax": {
      "version": "0.6.1",
      "resolved": "http://registry.npmjs.org/sax/-/sax-0.6.1.tgz",
      "integrity": "sha1-VjsZx8HeiS4Jv8Ty/DDjwn8JUrk="
    },
    "tiny-stack": {
      "version": "0.1.0",
      "resolved": "http://registry.npmjs.org/tiny-stack/-/tiny-stack-0.1.0.tgz",
      "integrity": "sha1-GoSBc/wL/FTne7LpUE0tPIrXliE="
    }
  }
}
